// !$*UTF8*$!
{
	archiveVersion = 1;
	classes = {
	};
	objectVersion = 56;
	objects = {

/* Begin PBXBuildFile section */
		3C55690F2B964B2300DB6B0F /* CategoryListView.swift in Sources */ = {isa = PBXBuildFile; fileRef = 3C55690E2B964B2300DB6B0F /* CategoryListView.swift */; };
		3C5C26C72B4B513C008F032E /* CSVFile.swift in Sources */ = {isa = PBXBuildFile; fileRef = 3C5C26C62B4B513C008F032E /* CSVFile.swift */; };
		3C5C26C92B4B853D008F032E /* WasteCategory.swift in Sources */ = {isa = PBXBuildFile; fileRef = 3C5C26C82B4B853D008F032E /* WasteCategory.swift */; };
		3C9EB73B2B1D179300A873DA /* GarbageApp.swift in Sources */ = {isa = PBXBuildFile; fileRef = 3C9EB73A2B1D179300A873DA /* GarbageApp.swift */; };
		3C9EB73D2B1D179300A873DA /* ContentView.swift in Sources */ = {isa = PBXBuildFile; fileRef = 3C9EB73C2B1D179300A873DA /* ContentView.swift */; };
		3C9EB73F2B1D179300A873DA /* Item.swift in Sources */ = {isa = PBXBuildFile; fileRef = 3C9EB73E2B1D179300A873DA /* Item.swift */; };
		3C9EB7412B1D179400A873DA /* Assets.xcassets in Resources */ = {isa = PBXBuildFile; fileRef = 3C9EB7402B1D179400A873DA /* Assets.xcassets */; };
		3C9EB7442B1D179400A873DA /* Preview Assets.xcassets in Resources */ = {isa = PBXBuildFile; fileRef = 3C9EB7432B1D179400A873DA /* Preview Assets.xcassets */; };
		3C9EB74B2B1D18BA00A873DA /* ItemEditView.swift in Sources */ = {isa = PBXBuildFile; fileRef = 3C9EB74A2B1D18BA00A873DA /* ItemEditView.swift */; };
		3C9EB74E2B1D1E2200A873DA /* AVKit.framework in Frameworks */ = {isa = PBXBuildFile; fileRef = 3C9EB74D2B1D1E2200A873DA /* AVKit.framework */; };
		3C9EB7502B1D1FC600A873DA /* ImagePickerView.swift in Sources */ = {isa = PBXBuildFile; fileRef = 3C9EB74F2B1D1FC600A873DA /* ImagePickerView.swift */; };
		3C9EB7522B1D214900A873DA /* PhotoManager.swift in Sources */ = {isa = PBXBuildFile; fileRef = 3C9EB7512B1D214900A873DA /* PhotoManager.swift */; };
		3C9EB7542B1D254000A873DA /* ItemView.swift in Sources */ = {isa = PBXBuildFile; fileRef = 3C9EB7532B1D254000A873DA /* ItemView.swift */; };
		3C9EB7562B1D2A4900A873DA /* PDFKit.framework in Frameworks */ = {isa = PBXBuildFile; fileRef = 3C9EB7552B1D2A4900A873DA /* PDFKit.framework */; };
		3C9EB7582B1D2AC900A873DA /* PDFKitRepresentedView.swift in Sources */ = {isa = PBXBuildFile; fileRef = 3C9EB7572B1D2AC900A873DA /* PDFKitRepresentedView.swift */; };
/* End PBXBuildFile section */

/* Begin PBXFileReference section */
		3C55690E2B964B2300DB6B0F /* CategoryListView.swift */ = {isa = PBXFileReference; lastKnownFileType = sourcecode.swift; path = CategoryListView.swift; sourceTree = "<group>"; };
		3C5C26C32B4B446C008F032E /* garbage-app.entitlements */ = {isa = PBXFileReference; lastKnownFileType = text.plist.entitlements; path = "garbage-app.entitlements"; sourceTree = "<group>"; };
		3C5C26C62B4B513C008F032E /* CSVFile.swift */ = {isa = PBXFileReference; lastKnownFileType = sourcecode.swift; path = CSVFile.swift; sourceTree = "<group>"; };
		3C5C26C82B4B853D008F032E /* WasteCategory.swift */ = {isa = PBXFileReference; lastKnownFileType = sourcecode.swift; path = WasteCategory.swift; sourceTree = "<group>"; };
		3C9EB7372B1D179300A873DA /* garbage-app.app */ = {isa = PBXFileReference; explicitFileType = wrapper.application; includeInIndex = 0; path = "garbage-app.app"; sourceTree = BUILT_PRODUCTS_DIR; };
		3C9EB73A2B1D179300A873DA /* GarbageApp.swift */ = {isa = PBXFileReference; lastKnownFileType = sourcecode.swift; path = GarbageApp.swift; sourceTree = "<group>"; };
		3C9EB73C2B1D179300A873DA /* ContentView.swift */ = {isa = PBXFileReference; lastKnownFileType = sourcecode.swift; path = ContentView.swift; sourceTree = "<group>"; };
		3C9EB73E2B1D179300A873DA /* Item.swift */ = {isa = PBXFileReference; lastKnownFileType = sourcecode.swift; path = Item.swift; sourceTree = "<group>"; };
		3C9EB7402B1D179400A873DA /* Assets.xcassets */ = {isa = PBXFileReference; lastKnownFileType = folder.assetcatalog; path = Assets.xcassets; sourceTree = "<group>"; };
		3C9EB7432B1D179400A873DA /* Preview Assets.xcassets */ = {isa = PBXFileReference; lastKnownFileType = folder.assetcatalog; path = "Preview Assets.xcassets"; sourceTree = "<group>"; };
		3C9EB74A2B1D18BA00A873DA /* ItemEditView.swift */ = {isa = PBXFileReference; lastKnownFileType = sourcecode.swift; path = ItemEditView.swift; sourceTree = "<group>"; };
		3C9EB74D2B1D1E2200A873DA /* AVKit.framework */ = {isa = PBXFileReference; lastKnownFileType = wrapper.framework; name = AVKit.framework; path = System/Library/Frameworks/AVKit.framework; sourceTree = SDKROOT; };
		3C9EB74F2B1D1FC600A873DA /* ImagePickerView.swift */ = {isa = PBXFileReference; lastKnownFileType = sourcecode.swift; path = ImagePickerView.swift; sourceTree = "<group>"; };
		3C9EB7512B1D214900A873DA /* PhotoManager.swift */ = {isa = PBXFileReference; lastKnownFileType = sourcecode.swift; path = PhotoManager.swift; sourceTree = "<group>"; };
		3C9EB7532B1D254000A873DA /* ItemView.swift */ = {isa = PBXFileReference; lastKnownFileType = sourcecode.swift; path = ItemView.swift; sourceTree = "<group>"; };
		3C9EB7552B1D2A4900A873DA /* PDFKit.framework */ = {isa = PBXFileReference; lastKnownFileType = wrapper.framework; name = PDFKit.framework; path = System/Library/Frameworks/PDFKit.framework; sourceTree = SDKROOT; };
		3C9EB7572B1D2AC900A873DA /* PDFKitRepresentedView.swift */ = {isa = PBXFileReference; lastKnownFileType = sourcecode.swift; path = PDFKitRepresentedView.swift; sourceTree = "<group>"; };
/* End PBXFileReference section */

/* Begin PBXFrameworksBuildPhase section */
		3C9EB7342B1D179300A873DA /* Frameworks */ = {
			isa = PBXFrameworksBuildPhase;
			buildActionMask = 2147483647;
			files = (
				3C9EB7562B1D2A4900A873DA /* PDFKit.framework in Frameworks */,
				3C9EB74E2B1D1E2200A873DA /* AVKit.framework in Frameworks */,
			);
			runOnlyForDeploymentPostprocessing = 0;
		};
/* End PBXFrameworksBuildPhase section */

/* Begin PBXGroup section */
		3C9EB72E2B1D179300A873DA = {
			isa = PBXGroup;
			children = (
				3C9EB7392B1D179300A873DA /* garbage-app */,
				3C9EB7382B1D179300A873DA /* Products */,
				3C9EB74C2B1D1E2200A873DA /* Frameworks */,
			);
			sourceTree = "<group>";
		};
		3C9EB7382B1D179300A873DA /* Products */ = {
			isa = PBXGroup;
			children = (
				3C9EB7372B1D179300A873DA /* garbage-app.app */,
			);
			name = Products;
			sourceTree = "<group>";
		};
		3C9EB7392B1D179300A873DA /* garbage-app */ = {
			isa = PBXGroup;
			children = (
				3C9EB7402B1D179400A873DA /* Assets.xcassets */,
				3C9EB73C2B1D179300A873DA /* ContentView.swift */,
				3C5C26C62B4B513C008F032E /* CSVFile.swift */,
				3C5C26C32B4B446C008F032E /* garbage-app.entitlements */,
				3C9EB73A2B1D179300A873DA /* GarbageApp.swift */,
				3C9EB74F2B1D1FC600A873DA /* ImagePickerView.swift */,
				3C9EB73E2B1D179300A873DA /* Item.swift */,
				3C9EB74A2B1D18BA00A873DA /* ItemEditView.swift */,
				3C9EB7532B1D254000A873DA /* ItemView.swift */,
				3C9EB7572B1D2AC900A873DA /* PDFKitRepresentedView.swift */,
				3C9EB7512B1D214900A873DA /* PhotoManager.swift */,
				3C9EB7422B1D179400A873DA /* Preview Content */,
				3C5C26C82B4B853D008F032E /* WasteCategory.swift */,
				3C55690E2B964B2300DB6B0F /* CategoryListView.swift */,
			);
			path = "garbage-app";
			sourceTree = "<group>";
		};
		3C9EB7422B1D179400A873DA /* Preview Content */ = {
			isa = PBXGroup;
			children = (
				3C9EB7432B1D179400A873DA /* Preview Assets.xcassets */,
			);
			path = "Preview Content";
			sourceTree = "<group>";
		};
		3C9EB74C2B1D1E2200A873DA /* Frameworks */ = {
			isa = PBXGroup;
			children = (
				3C9EB7552B1D2A4900A873DA /* PDFKit.framework */,
				3C9EB74D2B1D1E2200A873DA /* AVKit.framework */,
			);
			name = Frameworks;
			sourceTree = "<group>";
		};
/* End PBXGroup section */

/* Begin PBXNativeTarget section */
		3C9EB7362B1D179300A873DA /* garbage-app */ = {
			isa = PBXNativeTarget;
			buildConfigurationList = 3C9EB7472B1D179400A873DA /* Build configuration list for PBXNativeTarget "garbage-app" */;
			buildPhases = (
				3C9EB7332B1D179300A873DA /* Sources */,
				3C9EB7342B1D179300A873DA /* Frameworks */,
				3C9EB7352B1D179300A873DA /* Resources */,
			);
			buildRules = (
			);
			dependencies = (
			);
			name = "garbage-app";
			productName = "garbage-app";
			productReference = 3C9EB7372B1D179300A873DA /* garbage-app.app */;
			productType = "com.apple.product-type.application";
		};
/* End PBXNativeTarget section */

/* Begin PBXProject section */
		3C9EB72F2B1D179300A873DA /* Project object */ = {
			isa = PBXProject;
			attributes = {
				BuildIndependentTargetsInParallel = 1;
				LastSwiftUpdateCheck = 1500;
				LastUpgradeCheck = 1500;
				TargetAttributes = {
					3C9EB7362B1D179300A873DA = {
						CreatedOnToolsVersion = 15.0.1;
					};
				};
			};
			buildConfigurationList = 3C9EB7322B1D179300A873DA /* Build configuration list for PBXProject "garbage-app" */;
			compatibilityVersion = "Xcode 14.0";
			developmentRegion = en;
			hasScannedForEncodings = 0;
			knownRegions = (
				en,
				Base,
			);
			mainGroup = 3C9EB72E2B1D179300A873DA;
			productRefGroup = 3C9EB7382B1D179300A873DA /* Products */;
			projectDirPath = "";
			projectRoot = "";
			targets = (
				3C9EB7362B1D179300A873DA /* garbage-app */,
			);
		};
/* End PBXProject section */

/* Begin PBXResourcesBuildPhase section */
		3C9EB7352B1D179300A873DA /* Resources */ = {
			isa = PBXResourcesBuildPhase;
			buildActionMask = 2147483647;
			files = (
				3C9EB7442B1D179400A873DA /* Preview Assets.xcassets in Resources */,
				3C9EB7412B1D179400A873DA /* Assets.xcassets in Resources */,
			);
			runOnlyForDeploymentPostprocessing = 0;
		};
/* End PBXResourcesBuildPhase section */

/* Begin PBXSourcesBuildPhase section */
		3C9EB7332B1D179300A873DA /* Sources */ = {
			isa = PBXSourcesBuildPhase;
			buildActionMask = 2147483647;
			files = (
				3C5C26C92B4B853D008F032E /* WasteCategory.swift in Sources */,
				3C9EB7522B1D214900A873DA /* PhotoManager.swift in Sources */,
				3C55690F2B964B2300DB6B0F /* CategoryListView.swift in Sources */,
				3C5C26C72B4B513C008F032E /* CSVFile.swift in Sources */,
				3C9EB73D2B1D179300A873DA /* ContentView.swift in Sources */,
				3C9EB74B2B1D18BA00A873DA /* ItemEditView.swift in Sources */,
				3C9EB73F2B1D179300A873DA /* Item.swift in Sources */,
				3C9EB7582B1D2AC900A873DA /* PDFKitRepresentedView.swift in Sources */,
				3C9EB7542B1D254000A873DA /* ItemView.swift in Sources */,
				3C9EB73B2B1D179300A873DA /* GarbageApp.swift in Sources */,
				3C9EB7502B1D1FC600A873DA /* ImagePickerView.swift in Sources */,
			);
			runOnlyForDeploymentPostprocessing = 0;
		};
/* End PBXSourcesBuildPhase section */

/* Begin XCBuildConfiguration section */
		3C9EB7452B1D179400A873DA /* Debug */ = {
			isa = XCBuildConfiguration;
			buildSettings = {
				ALWAYS_SEARCH_USER_PATHS = NO;
				ASSETCATALOG_COMPILER_GENERATE_SWIFT_ASSET_SYMBOL_EXTENSIONS = YES;
				CLANG_ANALYZER_NONNULL = YES;
				CLANG_ANALYZER_NUMBER_OBJECT_CONVERSION = YES_AGGRESSIVE;
				CLANG_CXX_LANGUAGE_STANDARD = "gnu++20";
				CLANG_ENABLE_MODULES = YES;
				CLANG_ENABLE_OBJC_ARC = YES;
				CLANG_ENABLE_OBJC_WEAK = YES;
				CLANG_WARN_BLOCK_CAPTURE_AUTORELEASING = YES;
				CLANG_WARN_BOOL_CONVERSION = YES;
				CLANG_WARN_COMMA = YES;
				CLANG_WARN_CONSTANT_CONVERSION = YES;
				CLANG_WARN_DEPRECATED_OBJC_IMPLEMENTATIONS = YES;
				CLANG_WARN_DIRECT_OBJC_ISA_USAGE = YES_ERROR;
				CLANG_WARN_DOCUMENTATION_COMMENTS = YES;
				CLANG_WARN_EMPTY_BODY = YES;
				CLANG_WARN_ENUM_CONVERSION = YES;
				CLANG_WARN_INFINITE_RECURSION = YES;
				CLANG_WARN_INT_CONVERSION = YES;
				CLANG_WARN_NON_LITERAL_NULL_CONVERSION = YES;
				CLANG_WARN_OBJC_IMPLICIT_RETAIN_SELF = YES;
				CLANG_WARN_OBJC_LITERAL_CONVERSION = YES;
				CLANG_WARN_OBJC_ROOT_CLASS = YES_ERROR;
				CLANG_WARN_QUOTED_INCLUDE_IN_FRAMEWORK_HEADER = YES;
				CLANG_WARN_RANGE_LOOP_ANALYSIS = YES;
				CLANG_WARN_STRICT_PROTOTYPES = YES;
				CLANG_WARN_SUSPICIOUS_MOVE = YES;
				CLANG_WARN_UNGUARDED_AVAILABILITY = YES_AGGRESSIVE;
				CLANG_WARN_UNREACHABLE_CODE = YES;
				CLANG_WARN__DUPLICATE_METHOD_MATCH = YES;
				COPY_PHASE_STRIP = NO;
				DEBUG_INFORMATION_FORMAT = dwarf;
				ENABLE_STRICT_OBJC_MSGSEND = YES;
				ENABLE_TESTABILITY = YES;
				ENABLE_USER_SCRIPT_SANDBOXING = YES;
				GCC_C_LANGUAGE_STANDARD = gnu17;
				GCC_DYNAMIC_NO_PIC = NO;
				GCC_NO_COMMON_BLOCKS = YES;
				GCC_OPTIMIZATION_LEVEL = 0;
				GCC_PREPROCESSOR_DEFINITIONS = (
					"DEBUG=1",
					"$(inherited)",
				);
				GCC_WARN_64_TO_32_BIT_CONVERSION = YES;
				GCC_WARN_ABOUT_RETURN_TYPE = YES_ERROR;
				GCC_WARN_UNDECLARED_SELECTOR = YES;
				GCC_WARN_UNINITIALIZED_AUTOS = YES_AGGRESSIVE;
				GCC_WARN_UNUSED_FUNCTION = YES;
				GCC_WARN_UNUSED_VARIABLE = YES;
				IPHONEOS_DEPLOYMENT_TARGET = 17.0;
				LOCALIZATION_PREFERS_STRING_CATALOGS = YES;
				MTL_ENABLE_DEBUG_INFO = INCLUDE_SOURCE;
				MTL_FAST_MATH = YES;
				ONLY_ACTIVE_ARCH = YES;
				SDKROOT = iphoneos;
				SWIFT_ACTIVE_COMPILATION_CONDITIONS = "DEBUG $(inherited)";
				SWIFT_OPTIMIZATION_LEVEL = "-Onone";
			};
			name = Debug;
		};
		3C9EB7462B1D179400A873DA /* Release */ = {
			isa = XCBuildConfiguration;
			buildSettings = {
				ALWAYS_SEARCH_USER_PATHS = NO;
				ASSETCATALOG_COMPILER_GENERATE_SWIFT_ASSET_SYMBOL_EXTENSIONS = YES;
				CLANG_ANALYZER_NONNULL = YES;
				CLANG_ANALYZER_NUMBER_OBJECT_CONVERSION = YES_AGGRESSIVE;
				CLANG_CXX_LANGUAGE_STANDARD = "gnu++20";
				CLANG_ENABLE_MODULES = YES;
				CLANG_ENABLE_OBJC_ARC = YES;
				CLANG_ENABLE_OBJC_WEAK = YES;
				CLANG_WARN_BLOCK_CAPTURE_AUTORELEASING = YES;
				CLANG_WARN_BOOL_CONVERSION = YES;
				CLANG_WARN_COMMA = YES;
				CLANG_WARN_CONSTANT_CONVERSION = YES;
				CLANG_WARN_DEPRECATED_OBJC_IMPLEMENTATIONS = YES;
				CLANG_WARN_DIRECT_OBJC_ISA_USAGE = YES_ERROR;
				CLANG_WARN_DOCUMENTATION_COMMENTS = YES;
				CLANG_WARN_EMPTY_BODY = YES;
				CLANG_WARN_ENUM_CONVERSION = YES;
				CLANG_WARN_INFINITE_RECURSION = YES;
				CLANG_WARN_INT_CONVERSION = YES;
				CLANG_WARN_NON_LITERAL_NULL_CONVERSION = YES;
				CLANG_WARN_OBJC_IMPLICIT_RETAIN_SELF = YES;
				CLANG_WARN_OBJC_LITERAL_CONVERSION = YES;
				CLANG_WARN_OBJC_ROOT_CLASS = YES_ERROR;
				CLANG_WARN_QUOTED_INCLUDE_IN_FRAMEWORK_HEADER = YES;
				CLANG_WARN_RANGE_LOOP_ANALYSIS = YES;
				CLANG_WARN_STRICT_PROTOTYPES = YES;
				CLANG_WARN_SUSPICIOUS_MOVE = YES;
				CLANG_WARN_UNGUARDED_AVAILABILITY = YES_AGGRESSIVE;
				CLANG_WARN_UNREACHABLE_CODE = YES;
				CLANG_WARN__DUPLICATE_METHOD_MATCH = YES;
				COPY_PHASE_STRIP = NO;
				DEBUG_INFORMATION_FORMAT = "dwarf-with-dsym";
				ENABLE_NS_ASSERTIONS = NO;
				ENABLE_STRICT_OBJC_MSGSEND = YES;
				ENABLE_USER_SCRIPT_SANDBOXING = YES;
				GCC_C_LANGUAGE_STANDARD = gnu17;
				GCC_NO_COMMON_BLOCKS = YES;
				GCC_WARN_64_TO_32_BIT_CONVERSION = YES;
				GCC_WARN_ABOUT_RETURN_TYPE = YES_ERROR;
				GCC_WARN_UNDECLARED_SELECTOR = YES;
				GCC_WARN_UNINITIALIZED_AUTOS = YES_AGGRESSIVE;
				GCC_WARN_UNUSED_FUNCTION = YES;
				GCC_WARN_UNUSED_VARIABLE = YES;
				IPHONEOS_DEPLOYMENT_TARGET = 17.0;
				LOCALIZATION_PREFERS_STRING_CATALOGS = YES;
				MTL_ENABLE_DEBUG_INFO = NO;
				MTL_FAST_MATH = YES;
				SDKROOT = iphoneos;
				SWIFT_COMPILATION_MODE = wholemodule;
				VALIDATE_PRODUCT = YES;
			};
			name = Release;
		};
		3C9EB7482B1D179400A873DA /* Debug */ = {
			isa = XCBuildConfiguration;
			buildSettings = {
				ASSETCATALOG_COMPILER_APPICON_NAME = AppIcon;
				ASSETCATALOG_COMPILER_GLOBAL_ACCENT_COLOR_NAME = AccentColor;
				CODE_SIGN_ENTITLEMENTS = "garbage-app/garbage-app.entitlements";
				CODE_SIGN_STYLE = Manual;
				CURRENT_PROJECT_VERSION = 1;
				DEVELOPMENT_ASSET_PATHS = "\"garbage-app/Preview Content\"";
				DEVELOPMENT_TEAM = "";
				ENABLE_PREVIEWS = YES;
				GENERATE_INFOPLIST_FILE = YES;
				INFOPLIST_KEY_CFBundleDisplayName = "Garbage App";
				INFOPLIST_KEY_NSCameraUsageDescription = "Take a garbage picture!";
				INFOPLIST_KEY_NSPhotoLibraryUsageDescription = "Select a garbage picture!";
				INFOPLIST_KEY_UIApplicationSceneManifest_Generation = YES;
				INFOPLIST_KEY_UIApplicationSupportsIndirectInputEvents = YES;
				INFOPLIST_KEY_UILaunchScreen_Generation = YES;
				INFOPLIST_KEY_UISupportedInterfaceOrientations_iPad = "UIInterfaceOrientationPortrait UIInterfaceOrientationPortraitUpsideDown UIInterfaceOrientationLandscapeLeft UIInterfaceOrientationLandscapeRight";
				INFOPLIST_KEY_UISupportedInterfaceOrientations_iPhone = "UIInterfaceOrientationPortrait UIInterfaceOrientationLandscapeLeft UIInterfaceOrientationLandscapeRight";
				LD_RUNPATH_SEARCH_PATHS = (
					"$(inherited)",
					"@executable_path/Frameworks",
				);
				MARKETING_VERSION = 1.0;
				PRODUCT_BUNDLE_IDENTIFIER = "io.ecn.garbage-app";
				PRODUCT_NAME = "$(TARGET_NAME)";
				PROVISIONING_PROFILE_SPECIFIER = "";
				SUPPORTED_PLATFORMS = "iphoneos iphonesimulator";
				SUPPORTS_MACCATALYST = NO;
				SUPPORTS_MAC_DESIGNED_FOR_IPHONE_IPAD = NO;
				SUPPORTS_XR_DESIGNED_FOR_IPHONE_IPAD = NO;
				SWIFT_EMIT_LOC_STRINGS = YES;
				SWIFT_VERSION = 5.0;
				TARGETED_DEVICE_FAMILY = "1,2";
			};
			name = Debug;
		};
		3C9EB7492B1D179400A873DA /* Release */ = {
			isa = XCBuildConfiguration;
			buildSettings = {
				ASSETCATALOG_COMPILER_APPICON_NAME = AppIcon;
				ASSETCATALOG_COMPILER_GLOBAL_ACCENT_COLOR_NAME = AccentColor;
				CODE_SIGN_ENTITLEMENTS = "garbage-app/garbage-app.entitlements";
				CODE_SIGN_STYLE = Manual;
				CURRENT_PROJECT_VERSION = 1;
				DEVELOPMENT_ASSET_PATHS = "\"garbage-app/Preview Content\"";
				DEVELOPMENT_TEAM = "";
				ENABLE_PREVIEWS = YES;
				GENERATE_INFOPLIST_FILE = YES;
				INFOPLIST_KEY_CFBundleDisplayName = "Garbage App";
				INFOPLIST_KEY_NSCameraUsageDescription = "Take a garbage picture!";
				INFOPLIST_KEY_NSPhotoLibraryUsageDescription = "Select a garbage picture!";
				INFOPLIST_KEY_UIApplicationSceneManifest_Generation = YES;
				INFOPLIST_KEY_UIApplicationSupportsIndirectInputEvents = YES;
				INFOPLIST_KEY_UILaunchScreen_Generation = YES;
				INFOPLIST_KEY_UISupportedInterfaceOrientations_iPad = "UIInterfaceOrientationPortrait UIInterfaceOrientationPortraitUpsideDown UIInterfaceOrientationLandscapeLeft UIInterfaceOrientationLandscapeRight";
				INFOPLIST_KEY_UISupportedInterfaceOrientations_iPhone = "UIInterfaceOrientationPortrait UIInterfaceOrientationLandscapeLeft UIInterfaceOrientationLandscapeRight";
				LD_RUNPATH_SEARCH_PATHS = (
					"$(inherited)",
					"@executable_path/Frameworks",
				);
				MARKETING_VERSION = 1.0;
				PRODUCT_BUNDLE_IDENTIFIER = "io.ecn.garbage-app";
				PRODUCT_NAME = "$(TARGET_NAME)";
				PROVISIONING_PROFILE_SPECIFIER = "";
				SUPPORTED_PLATFORMS = "iphoneos iphonesimulator";
				SUPPORTS_MACCATALYST = NO;
				SUPPORTS_MAC_DESIGNED_FOR_IPHONE_IPAD = NO;
				SUPPORTS_XR_DESIGNED_FOR_IPHONE_IPAD = NO;
				SWIFT_EMIT_LOC_STRINGS = YES;
				SWIFT_VERSION = 5.0;
				TARGETED_DEVICE_FAMILY = "1,2";
			};
			name = Release;
		};
/* End XCBuildConfiguration section */

/* Begin XCConfigurationList section */
		3C9EB7322B1D179300A873DA /* Build configuration list for PBXProject "garbage-app" */ = {
			isa = XCConfigurationList;
			buildConfigurations = (
				3C9EB7452B1D179400A873DA /* Debug */,
				3C9EB7462B1D179400A873DA /* Release */,
			);
			defaultConfigurationIsVisible = 0;
			defaultConfigurationName = Release;
		};
		3C9EB7472B1D179400A873DA /* Build configuration list for PBXNativeTarget "garbage-app" */ = {
			isa = XCConfigurationList;
			buildConfigurations = (
				3C9EB7482B1D179400A873DA /* Debug */,
				3C9EB7492B1D179400A873DA /* Release */,
			);
			defaultConfigurationIsVisible = 0;
			defaultConfigurationName = Release;
		};
/* End XCConfigurationList section */
	};
	rootObject = 3C9EB72F2B1D179300A873DA /* Project object */;
}
